
Microsoft Visual Studio Solution File, Format Version 12.00
# Visual Studio Version 17
VisualStudioVersion = 17.10.35013.160
MinimumVisualStudioVersion = 10.0.40219.1
Project("{FAE04EC0-301F-11D3-BF4B-00C04F79EFBC}") = "TO_DO_LIST", "TO_DO_LIST\TO_DO_LIST.csproj", "{5E79AAA7-9063-4B37-81B4-521A267444DF}"
EndProject
Global
	GlobalSection(SolutionConfigurationPlatforms) = preSolution
		Debug|Any CPU = Debug|Any CPU
		Release|Any CPU = Release|Any CPU
	EndGlobalSection
	GlobalSection(ProjectConfigurationPlatforms) = postSolution
		{5E79AAA7-9063-4B37-81B4-521A267444DF}.Debug|Any CPU.ActiveCfg = Debug|Any CPU
		{5E79AAA7-9063-4B37-81B4-521A267444DF}.Debug|Any CPU.Build.0 = Debug|Any CPU
		{5E79AAA7-9063-4B37-81B4-521A267444DF}.Release|Any CPU.ActiveCfg = Release|Any CPU
		{5E79AAA7-9063-4B37-81B4-521A267444DF}.Release|Any CPU.Build.0 = Release|Any CPU
	EndGlobalSection
	GlobalSection(SolutionProperties) = preSolution
		HideSolutionNode = FALSE
	EndGlobalSection
	GlobalSection(ExtensibilityGlobals) = postSolution
		SolutionGuid = {3B93A22B-D265-448C-A06D-C0D2ECD711BA}
	EndGlobalSection
EndGlobal
